<?xml version="1.0" encoding="utf-8"?>
<Project ToolsVersion="4.0" xmlns="http://schemas.microsoft.com/developer/msbuild/2003">
  <ItemGroup>
    <Filter Include="Source Files">
      <UniqueIdentifier>{4FC737F1-C7A5-4376-A066-2A32D752A2FF}</UniqueIdentifier>
      <Extensions>cpp;c;cc;cxx;c++;cppm;ixx;def;odl;idl;hpj;bat;asm;asmx</Extensions>
    </Filter>
    <Filter Include="Header Files">
      <UniqueIdentifier>{93995380-89BD-4b04-88EB-625FBE52EBFB}</UniqueIdentifier>
      <Extensions>h;hh;hpp;hxx;h++;hm;inl;inc;ipp;xsd</Extensions>
    </Filter>
    <Filter Include="Resource Files">
      <UniqueIdentifier>{67DA6AB6-F800-4c08-8B7A-83BB121AAD01}</UniqueIdentifier>
      <Extensions>rc;ico;cur;bmp;dlg;rc2;rct;bin;rgs;gif;jpg;jpeg;jpe;resx;tiff;tif;png;wav;mfcribbon-ms</Extensions>
    </Filter>
  </ItemGroup>
  <ItemGroup>
    <ClInclude Include="framework.h">
      <Filter>Header Files</Filter>
    </ClInclude>
    <ClInclude Include="include\AntiTampering.h">
      <Filter>Header Files</Filter>
    </ClInclude>
    <ClInclude Include="include\MemoryIntegrity.h">
      <Filter>Header Files</Filter>
    </ClInclude>
    <ClInclude Include="pch.h">
      <Filter>Header Files</Filter>
    </ClInclude>
    <ClInclude Include="include\DeviceObjectScanner.h">
      <Filter>Header Files</Filter>
    </ClInclude>
    <ClInclude Include="include\blacklist_process.h">
      <Filter>Header Files</Filter>
    </ClInclude>
    <ClInclude Include="include\ProcessThreadWatcher.h">
      <Filter>Header Files</Filter>
    </ClInclude>
    <ClInclude Include="include\JsonBuilder.h">
      <Filter>Header Files</Filter>
    </ClInclude>
    <ClInclude Include="include\NetworkClient.h">
      <Filter>Header Files</Filter>
    </ClInclude>
    <ClInclude Include="include\ConfigLoader.h">
      <Filter>Header Files</Filter>
    </ClInclude>
    <ClInclude Include="include\blacklist_overlay.h">
      <Filter>Header Files</Filter>
    </ClInclude>
    <ClInclude Include="include\OverlayScanner.h">
      <Filter>Header Files</Filter>
    </ClInclude>
    <ClInclude Include="include\AntiDebug.h">
      <Filter>Header Files</Filter>
    </ClInclude>
    <ClInclude Include="include\InjectionScanner.h">
      <Filter>Header Files</Filter>
    </ClInclude>
    <ClInclude Include="include\DigitalSignatureValidator.h">
      <Filter>Header Files</Filter>
    </ClInclude>
    <ClInclude Include="include\AntiSuspend.h">
      <Filter>Header Files</Filter>
    </ClInclude>
    <ClInclude Include="include\HijackedThreadScanner.h">
      <Filter>Header Files</Filter>
    </ClInclude>
    <ClInclude Include="include\IATHookScanner.h">
      <Filter>Header Files</Filter>
    </ClInclude>
    <ClInclude Include="include\HWID.h">
      <Filter>Header Files</Filter>
    </ClInclude>
    <ClInclude Include="include\FileIntegrityChecker.h">
      <Filter>Header Files</Filter>
    </ClInclude>
    <ClInclude Include="include\Heartbeat.h">
      <Filter>Header Files</Filter>
    </ClInclude>
    <ClInclude Include="include\HeapSprayAnalyzer.h">
      <Filter>Header Files</Filter>
    </ClInclude>
    <ClInclude Include="include\HardwareBreakpointMonitor.h">
      <Filter>Header Files</Filter>
    </ClInclude>
    <ClInclude Include="include\PeriodicScanner.h">
      <Filter>Header Files</Filter>
    </ClInclude>
    <ClInclude Include="include\ClientVersion.h">
      <Filter>Header Files</Filter>
    </ClInclude>
    <ClInclude Include="include\MemorySignatureScanner.h">
      <Filter>Header Files</Filter>
    </ClInclude>
    <ClInclude Include="include\KernelBridge.h">
      <Filter>Header Files</Filter>
    </ClInclude>
    <ClInclude Include="include\NetworkArtifactScanner.h">
      <Filter>Header Files</Filter>
    </ClInclude>
    <ClInclude Include="include\EtwHeuristics.h">
      <Filter>Header Files</Filter>
    </ClInclude>
    <ClInclude Include="include\CodeIntegrityScanner.h">
      <Filter>Header Files</Filter>
    </ClInclude>
    <ClInclude Include="include\SignaturePackManager.h">
      <Filter>Header Files</Filter>
    </ClInclude>
    <ClInclude Include="include\SignatureDatabase.h">
      <Filter>Header Files</Filter>
    </ClInclude>
      <ClInclude Include="include\SignatureAutoUpdate.h">
        <Filter>Header Files</Filter>
      </ClInclude>
      <ClInclude Include="include\SignatureTestFramework.h">
        <Filter>Header Files</Filter>
      </ClInclude>
    <ClInclude Include="include\YaraRuleEngine.h">
      <Filter>Header Files</Filter>
    </ClInclude>
    <ClInclude Include="include\UniqueHandle.h">
      <Filter>Header Files</Filter>
    </ClInclude>
    <ClInclude Include="include\PEBManipulationDetector.h">
      <Filter>Header Files</Filter>
    </ClInclude>
    <ClInclude Include="include\SuspiciousMemoryScanner.h">
      <Filter>Header Files</Filter>
    </ClInclude>
    <ClInclude Include="include\TelemetryCollector.h">
      <Filter>Header Files</Filter>
    </ClInclude>
    <ClInclude Include="include\MLFeatureExtractor.h">
      <Filter>Header Files</Filter>
    </ClInclude>
    <ClInclude Include="include\MLAnomalyDetector.h">
      <Filter>Header Files</Filter>
    </ClInclude>
    <ClInclude Include="include\AdaptiveThresholdManager.h">
      <Filter>Header Files</Filter>
    </ClInclude>
  </ItemGroup>
  <ItemGroup>
    <ClCompile Include="dllmain.cpp">
      <Filter>Source Files</Filter>
    </ClCompile>
    <ClCompile Include="pch.cpp">
      <Filter>Source Files</Filter>
    </ClCompile>
    <ClCompile Include="src\AntiTampering.cpp">
      <Filter>Source Files</Filter>
    </ClCompile>
    <ClCompile Include="src\MemoryIntegrity.cpp">
      <Filter>Source Files</Filter>
    </ClCompile>
    <ClCompile Include="src\ProcessThreadWatcher.cpp">
      <Filter>Source Files</Filter>
    </ClCompile>
    <ClCompile Include="src\JsonBuilder.cpp">
      <Filter>Source Files</Filter>
    </ClCompile>
    <ClCompile Include="src\NetworkClient.cpp">
      <Filter>Source Files</Filter>
    </ClCompile>
    <ClCompile Include="src\ConfigLoader.cpp">
      <Filter>Source Files</Filter>
    </ClCompile>
    <ClCompile Include="src\OverlayScanner.cpp">
      <Filter>Source Files</Filter>
    </ClCompile>
    <ClCompile Include="src\InjectionScanner.cpp">
      <Filter>Source Files</Filter>
    </ClCompile>
    <ClCompile Include="src\DigitalSignatureValidator.cpp">
      <Filter>Source Files</Filter>
    </ClCompile>
    <ClCompile Include="src\AntiSuspend.cpp">
      <Filter>Source Files</Filter>
    </ClCompile>
    <ClCompile Include="src\HijackedThreadScanner.cpp">
      <Filter>Source Files</Filter>
    </ClCompile>
    <ClCompile Include="src\IATHookScanner.cpp">
      <Filter>Source Files</Filter>
    </ClCompile>
    <ClCompile Include="src\HWID.cpp">
      <Filter>Source Files</Filter>
    </ClCompile>
    <ClCompile Include="src\FileIntegrityChecker.cpp">
      <Filter>Source Files</Filter>
    </ClCompile>
    <ClCompile Include="src\Heartbeat.cpp">
      <Filter>Source Files</Filter>
    </ClCompile>
    <ClCompile Include="src\HeapSprayAnalyzer.cpp">
      <Filter>Source Files</Filter>
    </ClCompile>
    <ClCompile Include="src\HardwareBreakpointMonitor.cpp">
      <Filter>Source Files</Filter>
    </ClCompile>
    <ClCompile Include="src\PeriodicScanner.cpp">
      <Filter>Source Files</Filter>
    </ClCompile>
    <ClCompile Include="src\MemorySignatureScanner.cpp">
      <Filter>Source Files</Filter>
    </ClCompile>
    <ClCompile Include="src\KernelBridge.cpp">
      <Filter>Source Files</Filter>
    </ClCompile>
    <ClCompile Include="src\DeviceObjectScanner.cpp">
      <Filter>Source Files</Filter>
    </ClCompile>
    <ClCompile Include="src\EtwHeuristics.cpp">
      <Filter>Source Files</Filter>
    </ClCompile>
    <ClCompile Include="src\CodeIntegrityScanner.cpp">
      <Filter>Source Files</Filter>
    </ClCompile>
    <ClCompile Include="src\SignaturePackManager.cpp">
      <Filter>Source Files</Filter>
    </ClCompile>
    <ClCompile Include="src\SignatureDatabase.cpp">
      <Filter>Source Files</Filter>
    </ClCompile>
      <ClCompile Include="src\SignatureAutoUpdate.cpp">
        <Filter>Source Files</Filter>
      </ClCompile>
      <ClCompile Include="src\SignatureTestFramework.cpp">
        <Filter>Source Files</Filter>
      </ClCompile>
    <ClCompile Include="src\YaraRuleEngine.cpp">
      <Filter>Source Files</Filter>
    </ClCompile>
    <ClCompile Include="src\ServiceDriverScanner.cpp">
      <Filter>Source Files</Filter>
    </ClCompile>
    <ClCompile Include="src\NetworkArtifactScanner.cpp">
      <Filter>Source Files</Filter>
    </ClCompile>
    <ClCompile Include="src\PEBManipulationDetector.cpp">
      <Filter>Source Files</Filter>
    </ClCompile>
    <ClCompile Include="src\SuspiciousMemoryScanner.cpp">
      <Filter>Source Files</Filter>
    </ClCompile>
    <ClCompile Include="src\TelemetryCollector.cpp">
      <Filter>Source Files</Filter>
    </ClCompile>
    <ClCompile Include="src\MLFeatureExtractor.cpp">
      <Filter>Source Files</Filter>
    </ClCompile>
    <ClCompile Include="src\MLAnomalyDetector.cpp">
      <Filter>Source Files</Filter>
    </ClCompile>
    <ClCompile Include="src\AdaptiveThresholdManager.cpp">
      <Filter>Source Files</Filter>
    </ClCompile>
  </ItemGroup>
  <ItemGroup>
    <None Include="client_config.json" />
  </ItemGroup>
</Project>